
Microsoft Visual Studio Solution File, Format Version 12.00
# Visual Studio Version 17
VisualStudioVersion = 17.14.36401.2 d17.14
MinimumVisualStudioVersion = 10.0.40219.1
Project("{FAE04EC0-301F-11D3-BF4B-00C04F79EFBC}") = "COCTMunicipality", "COCTMunicipality\COCTMunicipality.csproj", "{0FB824F4-1AF7-4062-9DE2-5D41ABD47AEC}"
EndProject
Global
	GlobalSection(SolutionConfigurationPlatforms) = preSolution
		Debug|Any CPU = Debug|Any CPU
		Release|Any CPU = Release|Any CPU
	EndGlobalSection
	GlobalSection(ProjectConfigurationPlatforms) = postSolution
		{0FB824F4-1AF7-4062-9DE2-5D41ABD47AEC}.Debug|Any CPU.ActiveCfg = Debug|Any CPU
		{0FB824F4-1AF7-4062-9DE2-5D41ABD47AEC}.Debug|Any CPU.Build.0 = Debug|Any CPU
		{0FB824F4-1AF7-4062-9DE2-5D41ABD47AEC}.Release|Any CPU.ActiveCfg = Release|Any CPU
		{0FB824F4-1AF7-4062-9DE2-5D41ABD47AEC}.Release|Any CPU.Build.0 = Release|Any CPU
	EndGlobalSection
	GlobalSection(SolutionProperties) = preSolution
		HideSolutionNode = FALSE
	EndGlobalSection
	GlobalSection(ExtensibilityGlobals) = postSolution
		SolutionGuid = {0F7EFDD7-2ACF-4E14-8658-B27286CEBCFC}
	EndGlobalSection
EndGlobal
